
Microsoft Visual Studio Solution File, Format Version 12.00
# Visual Studio Version 16
VisualStudioVersion = 16.0.28803.352
MinimumVisualStudioVersion = 10.0.40219.1
Project("{FAE04EC0-301F-11D3-BF4B-00C04F79EFBC}") = "Ikarii.Lib.Havel", "Ikarii.Lib.Havel\Ikarii.Lib.Havel.csproj", "{3DB56D48-6C04-46F3-B2F3-A6620E6680F2}"
EndProject
Project("{9A19103F-16F7-4668-BE54-9A1E7A4F7556}") = "Ikarii.Lib.Havel.Tests", "Ikarii.Lib.Havel.Tests\Ikarii.Lib.Havel.Tests.csproj", "{203555C3-2748-4FF4-85F1-34557B7EB4CC}"
EndProject
Global
	GlobalSection(SolutionConfigurationPlatforms) = preSolution
		Debug|Any CPU = Debug|Any CPU
		Release|Any CPU = Release|Any CPU
	EndGlobalSection
	GlobalSection(ProjectConfigurationPlatforms) = postSolution
		{3DB56D48-6C04-46F3-B2F3-A6620E6680F2}.Debug|Any CPU.ActiveCfg = Debug|Any CPU
		{3DB56D48-6C04-46F3-B2F3-A6620E6680F2}.Debug|Any CPU.Build.0 = Debug|Any CPU
		{3DB56D48-6C04-46F3-B2F3-A6620E6680F2}.Release|Any CPU.ActiveCfg = Release|Any CPU
		{3DB56D48-6C04-46F3-B2F3-A6620E6680F2}.Release|Any CPU.Build.0 = Release|Any CPU
		{203555C3-2748-4FF4-85F1-34557B7EB4CC}.Debug|Any CPU.ActiveCfg = Debug|Any CPU
		{203555C3-2748-4FF4-85F1-34557B7EB4CC}.Debug|Any CPU.Build.0 = Debug|Any CPU
		{203555C3-2748-4FF4-85F1-34557B7EB4CC}.Release|Any CPU.ActiveCfg = Release|Any CPU
		{203555C3-2748-4FF4-85F1-34557B7EB4CC}.Release|Any CPU.Build.0 = Release|Any CPU
	EndGlobalSection
	GlobalSection(SolutionProperties) = preSolution
		HideSolutionNode = FALSE
	EndGlobalSection
	GlobalSection(ExtensibilityGlobals) = postSolution
		SolutionGuid = {EE35C292-DB30-4992-9195-CC59B552E73A}
	EndGlobalSection
EndGlobal
